
Microsoft Visual Studio Solution File, Format Version 12.00
# Visual Studio 15
VisualStudioVersion = 15.0.27004.2002
MinimumVisualStudioVersion = 10.0.40219.1
Project("{FAE04EC0-301F-11D3-BF4B-00C04F79EFBC}") = "K Means", "K Means\K Means.csproj", "{3E4E4DDD-1960-4D16-A524-2AB3D5479BD6}"
EndProject
Project("{FAE04EC0-301F-11D3-BF4B-00C04F79EFBC}") = "Arbol Binario", "..\Arbol Binario\Arbol Binario\Arbol Binario.csproj", "{098F9F2B-F25F-40F7-BD3D-B074718553F6}"
EndProject
Global
	GlobalSection(SolutionConfigurationPlatforms) = preSolution
		Debug|Any CPU = Debug|Any CPU
		Release|Any CPU = Release|Any CPU
	EndGlobalSection
	GlobalSection(ProjectConfigurationPlatforms) = postSolution
		{3E4E4DDD-1960-4D16-A524-2AB3D5479BD6}.Debug|Any CPU.ActiveCfg = Debug|Any CPU
		{3E4E4DDD-1960-4D16-A524-2AB3D5479BD6}.Debug|Any CPU.Build.0 = Debug|Any CPU
		{3E4E4DDD-1960-4D16-A524-2AB3D5479BD6}.Release|Any CPU.ActiveCfg = Release|Any CPU
		{3E4E4DDD-1960-4D16-A524-2AB3D5479BD6}.Release|Any CPU.Build.0 = Release|Any CPU
		{098F9F2B-F25F-40F7-BD3D-B074718553F6}.Debug|Any CPU.ActiveCfg = Debug|Any CPU
		{098F9F2B-F25F-40F7-BD3D-B074718553F6}.Debug|Any CPU.Build.0 = Debug|Any CPU
		{098F9F2B-F25F-40F7-BD3D-B074718553F6}.Release|Any CPU.ActiveCfg = Release|Any CPU
		{098F9F2B-F25F-40F7-BD3D-B074718553F6}.Release|Any CPU.Build.0 = Release|Any CPU
	EndGlobalSection
	GlobalSection(SolutionProperties) = preSolution
		HideSolutionNode = FALSE
	EndGlobalSection
	GlobalSection(ExtensibilityGlobals) = postSolution
		SolutionGuid = {2F8BA70C-0D92-487A-891C-86A3021B87A4}
	EndGlobalSection
EndGlobal
